{
  "name": "myshop",
  "version": "1.0.0",
  "lockfileVersion": 2,
  "requires": true,
  "packages": {
    "": {
      "name": "myshop",
      "version": "1.1.1",
      "license": "ISC",
      "dependencies": {
        "isotope": "^1.0.0-alpha.3",
        "jquery": "^3.6.0",
        "owlcarousel": "^1.3.3"
      }
    },
    "node_modules/isotope": {
      "version": "1.0.0-alpha.3",
      "resolved": "https://registry.npmjs.org/isotope/-/isotope-1.0.0-alpha.3.tgz",
      "integrity": "sha512-yN8h2WbOT9QAqqmj3ICXb9Nin2yiuUbcnIJhBdv4aojRsiU4FwVfwcbcXk29dv+l0ZrkHP1yY/jeW7/70pePEA=="
    },
    "node_modules/jquery": {
      "version": "3.6.0",
      "resolved": "https://registry.npmjs.org/jquery/-/jquery-3.6.0.tgz",
      "integrity": "sha512-JVzAR/AjBvVt2BmYhxRCSYysDsPcssdmTFnzyLEts9qNwmjmu4JTAMYubEfwVOSwpQ1I1sKKFcxhZCI2buerfw=="
    },
    "node_modules/owlcarousel": {
      "version": "1.3.3",
      "resolved": "https://registry.npmjs.org/owlcarousel/-/owlcarousel-1.3.3.tgz",
      "integrity": "sha1-KN5bm9KOnq7xWgo1UXV5Xy78VH0="
    }
  },
  "dependencies": {
    "isotope": {
      "version": "1.0.0-alpha.3",
      "resolved": "https://registry.npmjs.org/isotope/-/isotope-1.0.0-alpha.3.tgz",
      "integrity": "sha512-yN8h2WbOT9QAqqmj3ICXb9Nin2yiuUbcnIJhBdv4aojRsiU4FwVfwcbcXk29dv+l0ZrkHP1yY/jeW7/70pePEA=="
    },
    "jquery": {
      "version": "3.6.0",
      "resolved": "https://registry.npmjs.org/jquery/-/jquery-3.6.0.tgz",
      "integrity": "sha512-JVzAR/AjBvVt2BmYhxRCSYysDsPcssdmTFnzyLEts9qNwmjmu4JTAMYubEfwVOSwpQ1I1sKKFcxhZCI2buerfw=="
    },
    "owlcarousel": {
      "version": "1.3.3",
      "resolved": "https://registry.npmjs.org/owlcarousel/-/owlcarousel-1.3.3.tgz",
      "integrity": "sha1-KN5bm9KOnq7xWgo1UXV5Xy78VH0="
    }
  }
}
